github.com/coreos/go-systemd/v22 v22.5.0/go.mod h1:Y58oyj3AT4RCenI/lSvhwexgC+NSVTIJ3seZv2GcEnc=
github.com/godbus/dbus/v5 v5.0.4/go.mod h1:xhWf0FNVPg57R7Z0UbKHbJfkEywrmjJnf7w5xrFpKfA=
github.com/mattn/go-colorable v0.1.12/go.mod h1:u5H1YNBxpqRaxsYJYSkiCWKzEfiAb1Gb520KVy5xxl4=
github.com/mattn/go-colorable v0.1.13 h1:fFA4WZxdEF4tXPZVKMLwD8oUnCTTo08duU7wxecdEvA=
github.com/mattn/go-colorable v0.1.13/go.mod h1:7S9/ev0klgBDR4GtXTXX8a3vIGJpMovkB8vQcUbaXHg=
github.com/mattn/go-isatty v0.0.14/go.mod h1:7GGIvUiUoEMVVmxf/4nioHXj79iQHKdU27kJ6hsGG94=
github.com/mattn/go-isatty v0.0.16/go.mod h1:kYGgaQfpe5nmfYZH+SKPsOc2e4SrIfOl2e/yFXSvRLM=
github.com/mattn/go-isatty v0.0.20 h1:xfD0iDuEKnDkl03q4limB+vH+GxLEtL/jb4xVJSWWEY=
github.com/pkg/errors v0.9.1/go.mod h1:bwawxfHBFNV+L2hUp1rHADufV3IMtnDRdf1r5NINEl0=
github.com/rs/xid v1.5.0/go.mod h1:trrq9SKmegXys3aeAKXMUTdJsYXVwGY3RLcfgqegfbg=
github.com/rs/zerolog v1.30.0 h1:SymVODrcRsaRaSInD9yQtKbtWqwsfoPcRff/oRXLj4c=
github.com/rs/zerolog v1.30.0/go.mod h1:/tk+P47gFdPXq4QYjvCmT5/Gsug2nagsFWBWhAiSi1w=
github.com/samber/lo v1.39.0 h1:4gTz1wUhNYLhFSKl6O+8peW0v2F4BCY034GRpU9WnuA=
github.com/samber/slog-common v0.11.0 h1:JdESCaXcEwdtoTCYHKQFfHGbWN2vZJq0DDGEE/lwTUQ=
github.com/samber/slog-common v0.11.0/go.mod h1:Qjrfhwk79XiCIhBj8+jTq1Cr0u9rlWbjawh3dWXzaHk=
github.com/samber/slog-zerolog/v2 v2.1.0 h1:QdS3X5gLqrP3TVS7fAu3gk1e92LsZAdk5AnRHFc8X0E=
github.com/samber/slog-zerolog/v2 v2.1.0/go.mod h1:9WQLMvggH2Tt0yt0D9hJ6rpnOfAKLpdvF8bqRqF4YY4=
golang.org/x/exp v0.0.0-20231206192017-f3f8817b8deb h1:c0vyKkb6yr3KR7jEfJaOSv4lG7xPkbN6r52aJz1d8a8=
golang.org/x/sys v0.0.0-20210630005230-0f9fa26af87c/go.mod h1:oPkhp1MJrh7nUepCBck5+mAzfO9JrbApNNgaTdGDITg=
golang.org/x/sys v0.0.0-20210927094055-39ccf1dd6fa6/go.mod h1:oPkhp1MJrh7nUepCBck5+mAzfO9JrbApNNgaTdGDITg=
golang.org/x/sys v0.0.0-20220811171246-fbc7d0a398ab/go.mod h1:oPkhp1MJrh7nUepCBck5+mAzfO9JrbApNNgaTdGDITg=
golang.org/x/sys v0.6.0/go.mod h1:oPkhp1MJrh7nUepCBck5+mAzfO9JrbApNNgaTdGDITg=
golang.org/x/sys v0.15.0 h1:h48lPFYpsTvQJZF4EKyI4aLHaev3CxivZmv7yZig9pc=
